
Microsoft Visual Studio Solution File, Format Version 12.00
# Visual Studio Version 17
VisualStudioVersion = 17.14.36414.22 d17.14
MinimumVisualStudioVersion = 10.0.40219.1
Project("{FAE04EC0-301F-11D3-BF4B-00C04F79EFBC}") = "plates", "plates.csproj", "{45A9C8D4-EE6C-46E1-BE1A-AE56300EE0BE}"
EndProject
Global
	GlobalSection(SolutionConfigurationPlatforms) = preSolution
		Debug|Any CPU = Debug|Any CPU
		Debug|x64 = Debug|x64
		Release|Any CPU = Release|Any CPU
		Release|x64 = Release|x64
	EndGlobalSection
	GlobalSection(ProjectConfigurationPlatforms) = postSolution
		{45A9C8D4-EE6C-46E1-BE1A-AE56300EE0BE}.Debug|Any CPU.ActiveCfg = Debug|Any CPU
		{45A9C8D4-EE6C-46E1-BE1A-AE56300EE0BE}.Debug|Any CPU.Build.0 = Debug|Any CPU
		{45A9C8D4-EE6C-46E1-BE1A-AE56300EE0BE}.Debug|x64.ActiveCfg = Debug|x64
		{45A9C8D4-EE6C-46E1-BE1A-AE56300EE0BE}.Debug|x64.Build.0 = Debug|x64
		{45A9C8D4-EE6C-46E1-BE1A-AE56300EE0BE}.Release|Any CPU.ActiveCfg = Release|Any CPU
		{45A9C8D4-EE6C-46E1-BE1A-AE56300EE0BE}.Release|Any CPU.Build.0 = Release|Any CPU
		{45A9C8D4-EE6C-46E1-BE1A-AE56300EE0BE}.Release|x64.ActiveCfg = Release|x64
		{45A9C8D4-EE6C-46E1-BE1A-AE56300EE0BE}.Release|x64.Build.0 = Release|x64
	EndGlobalSection
	GlobalSection(SolutionProperties) = preSolution
		HideSolutionNode = FALSE
	EndGlobalSection
	GlobalSection(ExtensibilityGlobals) = postSolution
		SolutionGuid = {6FBE5627-A716-4AB0-8880-49FDD3478234}
	EndGlobalSection
EndGlobal
